
Microsoft Visual Studio Solution File, Format Version 12.00
# Visual Studio Version 17
VisualStudioVersion = 17.11.35327.3
MinimumVisualStudioVersion = 10.0.40219.1
Project("{FAE04EC0-301F-11D3-BF4B-00C04F79EFBC}") = "GitLarn", "GitLarn\GitLarn.csproj", "{C7B79BB8-6880-46BE-AD7F-4578687A430A}"
EndProject
Global
	GlobalSection(SolutionConfigurationPlatforms) = preSolution
		Debug|Any CPU = Debug|Any CPU
		Release|Any CPU = Release|Any CPU
	EndGlobalSection
	GlobalSection(ProjectConfigurationPlatforms) = postSolution
		{C7B79BB8-6880-46BE-AD7F-4578687A430A}.Debug|Any CPU.ActiveCfg = Debug|Any CPU
		{C7B79BB8-6880-46BE-AD7F-4578687A430A}.Debug|Any CPU.Build.0 = Debug|Any CPU
		{C7B79BB8-6880-46BE-AD7F-4578687A430A}.Release|Any CPU.ActiveCfg = Release|Any CPU
		{C7B79BB8-6880-46BE-AD7F-4578687A430A}.Release|Any CPU.Build.0 = Release|Any CPU
	EndGlobalSection
	GlobalSection(SolutionProperties) = preSolution
		HideSolutionNode = FALSE
	EndGlobalSection
	GlobalSection(ExtensibilityGlobals) = postSolution
		SolutionGuid = {82FF2185-FC93-4745-BC19-128658783122}
	EndGlobalSection
EndGlobal
